github.com/diamondburned/nasmfmt/v2 v2.1.0 h1:AT0zbwSDtiFfA3Q1qrCRosR/HBDIICU24dtQxjss7Fs=
github.com/diamondburned/nasmfmt/v2 v2.1.0/go.mod h1:jpEciqSqYPczmXtffUU+1sY6Rgg6SODIb0262TPnhkY=
github.com/diamondburned/nasmfmt/v2 v2.1.1 h1:uhqkWw58Vuox3vcckjYc/zjGQRRr4zuhyoA2wihFodQ=
github.com/diamondburned/nasmfmt/v2 v2.1.1/go.mod h1:jpEciqSqYPczmXtffUU+1sY6Rgg6SODIb0262TPnhkY=
